
Microsoft Visual Studio Solution File, Format Version 12.00
# Visual Studio Version 17
VisualStudioVersion = 17.1.32414.318
MinimumVisualStudioVersion = 10.0.40219.1
Project("{FAE04EC0-301F-11D3-BF4B-00C04F79EFBC}") = "ChainofResponsibility", "ChainofResponsibility\ChainofResponsibility.csproj", "{A1879488-B95E-4A90-B663-4359D5B0CEB1}"
EndProject
Project("{FAE04EC0-301F-11D3-BF4B-00C04F79EFBC}") = "CQRS", "CQRS\CQRS.csproj", "{16A37817-3280-40EE-8D14-60AF4E5B89EA}"
EndProject
Global
	GlobalSection(SolutionConfigurationPlatforms) = preSolution
		Debug|Any CPU = Debug|Any CPU
		Release|Any CPU = Release|Any CPU
	EndGlobalSection
	GlobalSection(ProjectConfigurationPlatforms) = postSolution
		{A1879488-B95E-4A90-B663-4359D5B0CEB1}.Debug|Any CPU.ActiveCfg = Debug|Any CPU
		{A1879488-B95E-4A90-B663-4359D5B0CEB1}.Debug|Any CPU.Build.0 = Debug|Any CPU
		{A1879488-B95E-4A90-B663-4359D5B0CEB1}.Release|Any CPU.ActiveCfg = Release|Any CPU
		{A1879488-B95E-4A90-B663-4359D5B0CEB1}.Release|Any CPU.Build.0 = Release|Any CPU
		{16A37817-3280-40EE-8D14-60AF4E5B89EA}.Debug|Any CPU.ActiveCfg = Debug|Any CPU
		{16A37817-3280-40EE-8D14-60AF4E5B89EA}.Debug|Any CPU.Build.0 = Debug|Any CPU
		{16A37817-3280-40EE-8D14-60AF4E5B89EA}.Release|Any CPU.ActiveCfg = Release|Any CPU
		{16A37817-3280-40EE-8D14-60AF4E5B89EA}.Release|Any CPU.Build.0 = Release|Any CPU
	EndGlobalSection
	GlobalSection(SolutionProperties) = preSolution
		HideSolutionNode = FALSE
	EndGlobalSection
	GlobalSection(ExtensibilityGlobals) = postSolution
		SolutionGuid = {DA38298A-16D4-4A5A-B5B2-DB7AF76DB9E0}
	EndGlobalSection
EndGlobal
