
Microsoft Visual Studio Solution File, Format Version 12.00
# Visual Studio Version 17
VisualStudioVersion = 17.1.32414.318
MinimumVisualStudioVersion = 10.0.40219.1
Project("{9A19103F-16F7-4668-BE54-9A1E7A4F7556}") = "ChainofResponsibility", "ChainofResponsibility\ChainofResponsibility.csproj", "{A1879488-B95E-4A90-B663-4359D5B0CEB1}"
EndProject
Project("{9A19103F-16F7-4668-BE54-9A1E7A4F7556}") = "CQRS", "CQRS\CQRS.csproj", "{16A37817-3280-40EE-8D14-60AF4E5B89EA}"
EndProject
Project("{9A19103F-16F7-4668-BE54-9A1E7A4F7556}") = "Singleton", "Singleton\Singleton.csproj", "{877BC973-5390-4B07-A3EB-AF287225DFF6}"
EndProject
Project("{9A19103F-16F7-4668-BE54-9A1E7A4F7556}") = "TemplateMethod", "TemplateMethod\TemplateMethod.csproj", "{BABF30E4-7E90-493A-9E93-F0EE5BCDABB7}"
EndProject
Project("{9A19103F-16F7-4668-BE54-9A1E7A4F7556}") = "Factory", "Factory\Factory.csproj", "{E74272C4-F302-4EDD-A0FB-BCFCE6D2070B}"
EndProject
Project("{9A19103F-16F7-4668-BE54-9A1E7A4F7556}") = "AbstractFactory", "AbstractFactory\AbstractFactory.csproj", "{1F079E9C-E6B8-43E7-9B6E-225D2778B552}"
EndProject
Project("{9A19103F-16F7-4668-BE54-9A1E7A4F7556}") = "Builder", "Builder\Builder.csproj", "{15B3C372-CAF3-4BB6-AA8F-E037D387621D}"
EndProject
Project("{9A19103F-16F7-4668-BE54-9A1E7A4F7556}") = "DependencyInjection", "DependencyInjection\DependencyInjection.csproj", "{28EFB28F-9781-4DA1-AAB3-A1A2DA1D880F}"
EndProject
Project("{FAE04EC0-301F-11D3-BF4B-00C04F79EFBC}") = "DDD-DomainDriven", "DDD-DomainDriven\DDD-DomainDriven.csproj", "{2F3847CE-9E32-4633-A4E4-16BD1BE2A89F}"
EndProject
Project("{2150E333-8FDC-42A3-9474-1A3956D46DE8}") = "Solution Items", "Solution Items", "{84C41A03-09A0-4C59-AD2C-B57C0D9CC438}"
	ProjectSection(SolutionItems) = preProject
		.editorconfig = .editorconfig
	EndProjectSection
EndProject
Global
	GlobalSection(SolutionConfigurationPlatforms) = preSolution
		Debug|Any CPU = Debug|Any CPU
		Release|Any CPU = Release|Any CPU
	EndGlobalSection
	GlobalSection(ProjectConfigurationPlatforms) = postSolution
		{A1879488-B95E-4A90-B663-4359D5B0CEB1}.Debug|Any CPU.ActiveCfg = Debug|Any CPU
		{A1879488-B95E-4A90-B663-4359D5B0CEB1}.Debug|Any CPU.Build.0 = Debug|Any CPU
		{A1879488-B95E-4A90-B663-4359D5B0CEB1}.Release|Any CPU.ActiveCfg = Release|Any CPU
		{A1879488-B95E-4A90-B663-4359D5B0CEB1}.Release|Any CPU.Build.0 = Release|Any CPU
		{16A37817-3280-40EE-8D14-60AF4E5B89EA}.Debug|Any CPU.ActiveCfg = Debug|Any CPU
		{16A37817-3280-40EE-8D14-60AF4E5B89EA}.Debug|Any CPU.Build.0 = Debug|Any CPU
		{16A37817-3280-40EE-8D14-60AF4E5B89EA}.Release|Any CPU.ActiveCfg = Release|Any CPU
		{16A37817-3280-40EE-8D14-60AF4E5B89EA}.Release|Any CPU.Build.0 = Release|Any CPU
		{877BC973-5390-4B07-A3EB-AF287225DFF6}.Debug|Any CPU.ActiveCfg = Debug|Any CPU
		{877BC973-5390-4B07-A3EB-AF287225DFF6}.Debug|Any CPU.Build.0 = Debug|Any CPU
		{877BC973-5390-4B07-A3EB-AF287225DFF6}.Release|Any CPU.ActiveCfg = Release|Any CPU
		{877BC973-5390-4B07-A3EB-AF287225DFF6}.Release|Any CPU.Build.0 = Release|Any CPU
		{BABF30E4-7E90-493A-9E93-F0EE5BCDABB7}.Debug|Any CPU.ActiveCfg = Debug|Any CPU
		{BABF30E4-7E90-493A-9E93-F0EE5BCDABB7}.Debug|Any CPU.Build.0 = Debug|Any CPU
		{BABF30E4-7E90-493A-9E93-F0EE5BCDABB7}.Release|Any CPU.ActiveCfg = Release|Any CPU
		{BABF30E4-7E90-493A-9E93-F0EE5BCDABB7}.Release|Any CPU.Build.0 = Release|Any CPU
		{E74272C4-F302-4EDD-A0FB-BCFCE6D2070B}.Debug|Any CPU.ActiveCfg = Debug|Any CPU
		{E74272C4-F302-4EDD-A0FB-BCFCE6D2070B}.Debug|Any CPU.Build.0 = Debug|Any CPU
		{E74272C4-F302-4EDD-A0FB-BCFCE6D2070B}.Release|Any CPU.ActiveCfg = Release|Any CPU
		{E74272C4-F302-4EDD-A0FB-BCFCE6D2070B}.Release|Any CPU.Build.0 = Release|Any CPU
		{1F079E9C-E6B8-43E7-9B6E-225D2778B552}.Debug|Any CPU.ActiveCfg = Debug|Any CPU
		{1F079E9C-E6B8-43E7-9B6E-225D2778B552}.Debug|Any CPU.Build.0 = Debug|Any CPU
		{1F079E9C-E6B8-43E7-9B6E-225D2778B552}.Release|Any CPU.ActiveCfg = Release|Any CPU
		{1F079E9C-E6B8-43E7-9B6E-225D2778B552}.Release|Any CPU.Build.0 = Release|Any CPU
		{15B3C372-CAF3-4BB6-AA8F-E037D387621D}.Debug|Any CPU.ActiveCfg = Debug|Any CPU
		{15B3C372-CAF3-4BB6-AA8F-E037D387621D}.Debug|Any CPU.Build.0 = Debug|Any CPU
		{15B3C372-CAF3-4BB6-AA8F-E037D387621D}.Release|Any CPU.ActiveCfg = Release|Any CPU
		{15B3C372-CAF3-4BB6-AA8F-E037D387621D}.Release|Any CPU.Build.0 = Release|Any CPU
		{28EFB28F-9781-4DA1-AAB3-A1A2DA1D880F}.Debug|Any CPU.ActiveCfg = Debug|Any CPU
		{28EFB28F-9781-4DA1-AAB3-A1A2DA1D880F}.Debug|Any CPU.Build.0 = Debug|Any CPU
		{28EFB28F-9781-4DA1-AAB3-A1A2DA1D880F}.Release|Any CPU.ActiveCfg = Release|Any CPU
		{28EFB28F-9781-4DA1-AAB3-A1A2DA1D880F}.Release|Any CPU.Build.0 = Release|Any CPU
		{2F3847CE-9E32-4633-A4E4-16BD1BE2A89F}.Debug|Any CPU.ActiveCfg = Debug|Any CPU
		{2F3847CE-9E32-4633-A4E4-16BD1BE2A89F}.Debug|Any CPU.Build.0 = Debug|Any CPU
		{2F3847CE-9E32-4633-A4E4-16BD1BE2A89F}.Release|Any CPU.ActiveCfg = Release|Any CPU
		{2F3847CE-9E32-4633-A4E4-16BD1BE2A89F}.Release|Any CPU.Build.0 = Release|Any CPU
	EndGlobalSection
	GlobalSection(SolutionProperties) = preSolution
		HideSolutionNode = FALSE
	EndGlobalSection
	GlobalSection(ExtensibilityGlobals) = postSolution
		SolutionGuid = {DA38298A-16D4-4A5A-B5B2-DB7AF76DB9E0}
	EndGlobalSection
EndGlobal
